
Microsoft Visual Studio Solution File, Format Version 12.00
# Visual Studio Version 17
VisualStudioVersion = 17.4.33205.214
MinimumVisualStudioVersion = 10.0.40219.1
Project("{9A19103F-16F7-4668-BE54-9A1E7A4F7556}") = "ContactsLib", "ContactsLib\ContactsLib.csproj", "{4754CB9E-0FD7-4E1F-8B22-4F8CBA3B4CC2}"
EndProject
Project("{9A19103F-16F7-4668-BE54-9A1E7A4F7556}") = "ContactsAPI", "APIHolder\ContactsAPI.csproj", "{4061DADB-4C22-42E9-A9C7-C7B6E1244F82}"
EndProject
Global
	GlobalSection(SolutionConfigurationPlatforms) = preSolution
		Debug|Any CPU = Debug|Any CPU
		Release|Any CPU = Release|Any CPU
	EndGlobalSection
	GlobalSection(ProjectConfigurationPlatforms) = postSolution
		{4754CB9E-0FD7-4E1F-8B22-4F8CBA3B4CC2}.Debug|Any CPU.ActiveCfg = Debug|Any CPU
		{4754CB9E-0FD7-4E1F-8B22-4F8CBA3B4CC2}.Debug|Any CPU.Build.0 = Debug|Any CPU
		{4754CB9E-0FD7-4E1F-8B22-4F8CBA3B4CC2}.Release|Any CPU.ActiveCfg = Release|Any CPU
		{4754CB9E-0FD7-4E1F-8B22-4F8CBA3B4CC2}.Release|Any CPU.Build.0 = Release|Any CPU
		{4061DADB-4C22-42E9-A9C7-C7B6E1244F82}.Debug|Any CPU.ActiveCfg = Debug|Any CPU
		{4061DADB-4C22-42E9-A9C7-C7B6E1244F82}.Debug|Any CPU.Build.0 = Debug|Any CPU
		{4061DADB-4C22-42E9-A9C7-C7B6E1244F82}.Release|Any CPU.ActiveCfg = Release|Any CPU
		{4061DADB-4C22-42E9-A9C7-C7B6E1244F82}.Release|Any CPU.Build.0 = Release|Any CPU
	EndGlobalSection
	GlobalSection(SolutionProperties) = preSolution
		HideSolutionNode = FALSE
	EndGlobalSection
	GlobalSection(ExtensibilityGlobals) = postSolution
		SolutionGuid = {5A0309B6-1013-4044-B1E9-495322929052}
	EndGlobalSection
EndGlobal
